
Microsoft Visual Studio Solution File, Format Version 12.00
# Visual Studio Version 16
VisualStudioVersion = 16.0.810.14
MinimumVisualStudioVersion = 10.0.40219.1
Project("{FAE04EC0-301F-11D3-BF4B-00C04F79EFBC}") = "EbossApp", "EbossApp.csproj", "{47981C41-700B-4029-A05C-EA1E2DA73133}"
EndProject
Global
	GlobalSection(SolutionConfigurationPlatforms) = preSolution
		Debug|Any CPU = Debug|Any CPU
		Release|Any CPU = Release|Any CPU
	EndGlobalSection
	GlobalSection(ProjectConfigurationPlatforms) = postSolution
		{47981C41-700B-4029-A05C-EA1E2DA73133}.Debug|Any CPU.ActiveCfg = Debug|Any CPU
		{47981C41-700B-4029-A05C-EA1E2DA73133}.Debug|Any CPU.Build.0 = Debug|Any CPU
		{47981C41-700B-4029-A05C-EA1E2DA73133}.Release|Any CPU.ActiveCfg = Release|Any CPU
		{47981C41-700B-4029-A05C-EA1E2DA73133}.Release|Any CPU.Build.0 = Release|Any CPU
	EndGlobalSection
	GlobalSection(SolutionProperties) = preSolution
		HideSolutionNode = FALSE
	EndGlobalSection
	GlobalSection(ExtensibilityGlobals) = postSolution
		SolutionGuid = {0BF9EDC7-A4AE-47A9-8AB5-F55A2EE438BE}
	EndGlobalSection
EndGlobal
